
Microsoft Visual Studio Solution File, Format Version 12.00
# Visual Studio 15
VisualStudioVersion = 15.0.27004.2002
MinimumVisualStudioVersion = 10.0.40219.1
Project("{9A19103F-16F7-4668-BE54-9A1E7A4F7556}") = "Api2", "Api2\Api2.csproj", "{777FFDBB-DFA1-4E99-8E78-0D15FB794915}"
EndProject
Project("{9A19103F-16F7-4668-BE54-9A1E7A4F7556}") = "IdentityProvider", "IdentityProvider\IdentityProvider.csproj", "{6A287381-28B1-4BF3-9CDA-CC7A9F51145B}"
EndProject
Project("{FAE04EC0-301F-11D3-BF4B-00C04F79EFBC}") = "CallingApi", "CallingApi\CallingApi.csproj", "{31BC852B-EDE7-4E3E-BCE1-919D03E375EC}"
EndProject
Project("{2150E333-8FDC-42A3-9474-1A3956D46DE8}") = "Solution Items", "Solution Items", "{50A1622B-77AC-4CD0-88D4-C47445B34614}"
	ProjectSection(SolutionItems) = preProject
		.gitignore = .gitignore
	EndProjectSection
EndProject
Global
	GlobalSection(SolutionConfigurationPlatforms) = preSolution
		Debug|Any CPU = Debug|Any CPU
		Release|Any CPU = Release|Any CPU
	EndGlobalSection
	GlobalSection(ProjectConfigurationPlatforms) = postSolution
		{777FFDBB-DFA1-4E99-8E78-0D15FB794915}.Debug|Any CPU.ActiveCfg = Debug|Any CPU
		{777FFDBB-DFA1-4E99-8E78-0D15FB794915}.Debug|Any CPU.Build.0 = Debug|Any CPU
		{777FFDBB-DFA1-4E99-8E78-0D15FB794915}.Release|Any CPU.ActiveCfg = Release|Any CPU
		{777FFDBB-DFA1-4E99-8E78-0D15FB794915}.Release|Any CPU.Build.0 = Release|Any CPU
		{6A287381-28B1-4BF3-9CDA-CC7A9F51145B}.Debug|Any CPU.ActiveCfg = Debug|Any CPU
		{6A287381-28B1-4BF3-9CDA-CC7A9F51145B}.Debug|Any CPU.Build.0 = Debug|Any CPU
		{6A287381-28B1-4BF3-9CDA-CC7A9F51145B}.Release|Any CPU.ActiveCfg = Release|Any CPU
		{6A287381-28B1-4BF3-9CDA-CC7A9F51145B}.Release|Any CPU.Build.0 = Release|Any CPU
		{31BC852B-EDE7-4E3E-BCE1-919D03E375EC}.Debug|Any CPU.ActiveCfg = Debug|Any CPU
		{31BC852B-EDE7-4E3E-BCE1-919D03E375EC}.Debug|Any CPU.Build.0 = Debug|Any CPU
		{31BC852B-EDE7-4E3E-BCE1-919D03E375EC}.Release|Any CPU.ActiveCfg = Release|Any CPU
		{31BC852B-EDE7-4E3E-BCE1-919D03E375EC}.Release|Any CPU.Build.0 = Release|Any CPU
	EndGlobalSection
	GlobalSection(SolutionProperties) = preSolution
		HideSolutionNode = FALSE
	EndGlobalSection
	GlobalSection(ExtensibilityGlobals) = postSolution
		SolutionGuid = {0725834C-5BEA-4026-91C1-976C3D31962C}
	EndGlobalSection
EndGlobal
